
Microsoft Visual Studio Solution File, Format Version 12.00
Project("{FAE04EC0-301F-11D3-BF4B-00C04F79EFBC}") = "vlflorian.PhotoHelper", "vlflorian.PhotoHelper\vlflorian.PhotoHelper.csproj", "{9C29D183-6B06-4F54-8348-3721B2BB88F6}"
EndProject
Project("{2150E333-8FDC-42A3-9474-1A3956D46DE8}") = "Solution items", "Solution items", "{80AF1EA0-ABD1-4466-8FA1-DF523EF63940}"
	ProjectSection(SolutionItems) = preProject
		README.md = README.md
	EndProjectSection
EndProject
Global
	GlobalSection(SolutionConfigurationPlatforms) = preSolution
		Debug|Any CPU = Debug|Any CPU
		Release|Any CPU = Release|Any CPU
	EndGlobalSection
	GlobalSection(ProjectConfigurationPlatforms) = postSolution
		{9C29D183-6B06-4F54-8348-3721B2BB88F6}.Debug|Any CPU.ActiveCfg = Debug|Any CPU
		{9C29D183-6B06-4F54-8348-3721B2BB88F6}.Debug|Any CPU.Build.0 = Debug|Any CPU
		{9C29D183-6B06-4F54-8348-3721B2BB88F6}.Release|Any CPU.ActiveCfg = Release|Any CPU
		{9C29D183-6B06-4F54-8348-3721B2BB88F6}.Release|Any CPU.Build.0 = Release|Any CPU
	EndGlobalSection
EndGlobal
